
Microsoft Visual Studio Solution File, Format Version 12.00
# Visual Studio Version 17
VisualStudioVersion = 17.1.32210.238
MinimumVisualStudioVersion = 10.0.40219.1
Project("{9A19103F-16F7-4668-BE54-9A1E7A4F7556}") = "CST4708 Project", "CST4708 Project\CST4708 Project.csproj", "{82D1C6B4-BC37-4D18-901C-57A22B6E577D}"
EndProject
Project("{2150E333-8FDC-42A3-9474-1A3956D46DE8}") = "Solution Items", "Solution Items", "{8E1A0E6F-3F4E-4D86-907A-C62D105657F7}"
EndProject
Global
	GlobalSection(SolutionConfigurationPlatforms) = preSolution
		Debug|Any CPU = Debug|Any CPU
		Release|Any CPU = Release|Any CPU
	EndGlobalSection
	GlobalSection(ProjectConfigurationPlatforms) = postSolution
		{82D1C6B4-BC37-4D18-901C-57A22B6E577D}.Debug|Any CPU.ActiveCfg = Debug|Any CPU
		{82D1C6B4-BC37-4D18-901C-57A22B6E577D}.Debug|Any CPU.Build.0 = Debug|Any CPU
		{82D1C6B4-BC37-4D18-901C-57A22B6E577D}.Release|Any CPU.ActiveCfg = Release|Any CPU
		{82D1C6B4-BC37-4D18-901C-57A22B6E577D}.Release|Any CPU.Build.0 = Release|Any CPU
	EndGlobalSection
	GlobalSection(SolutionProperties) = preSolution
		HideSolutionNode = FALSE
	EndGlobalSection
	GlobalSection(ExtensibilityGlobals) = postSolution
		SolutionGuid = {69F47E34-EED9-4A6D-B9AA-80DDDD6E35C1}
	EndGlobalSection
EndGlobal
